
Microsoft Visual Studio Solution File, Format Version 12.00
# Visual Studio Version 17
VisualStudioVersion = 17.4.33205.214
MinimumVisualStudioVersion = 10.0.40219.1
Project("{FAE04EC0-301F-11D3-BF4B-00C04F79EFBC}") = "GenericEmailService", "GenericEmailService.csproj", "{7C8EBA02-FE95-4E8D-9AF4-9B73EEC8E110}"
EndProject
Global
	GlobalSection(SolutionConfigurationPlatforms) = preSolution
		Debug|Any CPU = Debug|Any CPU
		Release|Any CPU = Release|Any CPU
	EndGlobalSection
	GlobalSection(ProjectConfigurationPlatforms) = postSolution
		{7C8EBA02-FE95-4E8D-9AF4-9B73EEC8E110}.Debug|Any CPU.ActiveCfg = Debug|Any CPU
		{7C8EBA02-FE95-4E8D-9AF4-9B73EEC8E110}.Debug|Any CPU.Build.0 = Debug|Any CPU
		{7C8EBA02-FE95-4E8D-9AF4-9B73EEC8E110}.Release|Any CPU.ActiveCfg = Release|Any CPU
		{7C8EBA02-FE95-4E8D-9AF4-9B73EEC8E110}.Release|Any CPU.Build.0 = Release|Any CPU
	EndGlobalSection
	GlobalSection(SolutionProperties) = preSolution
		HideSolutionNode = FALSE
	EndGlobalSection
	GlobalSection(ExtensibilityGlobals) = postSolution
		SolutionGuid = {E662E561-05C9-4DCA-A4B6-1C8C56DA3AE4}
	EndGlobalSection
EndGlobal
